
Microsoft Visual Studio Solution File, Format Version 12.00
# Visual Studio Version 16
VisualStudioVersion = 16.0.30503.244
MinimumVisualStudioVersion = 10.0.40219.1
Project("{2150E333-8FDC-42A3-9474-1A3956D46DE8}") = "01. 基本原则", "01. 基本原则", "{35121688-9D22-4876-8831-6F8BB8E165C9}"
EndProject
Project("{2150E333-8FDC-42A3-9474-1A3956D46DE8}") = "02. 创建型模型", "02. 创建型模型", "{056D8F9F-CFFE-4222-9636-1E284EB67508}"
EndProject
Project("{2150E333-8FDC-42A3-9474-1A3956D46DE8}") = "03. 结构型模型", "03. 结构型模型", "{66F31508-AC29-42C6-BED7-AE4D3936208F}"
EndProject
Project("{2150E333-8FDC-42A3-9474-1A3956D46DE8}") = "04. 行为型模型", "04. 行为型模型", "{66CF19D9-B78F-4E9F-89DA-CA48E6C2E7E4}"
EndProject
Project("{9A19103F-16F7-4668-BE54-9A1E7A4F7556}") = "01. 单一职责原则", "01. 基本原则\01. 单一职责原则\01. 单一职责原则.csproj", "{BF76AD0E-8499-4361-A6C4-9E91C9432AF5}"
EndProject
Project("{9A19103F-16F7-4668-BE54-9A1E7A4F7556}") = "02. 开闭原则", "01. 基本原则\02. 开闭原则\02. 开闭原则.csproj", "{93C3E800-0467-47B6-A574-0A9B57BEE05A}"
EndProject
Project("{9A19103F-16F7-4668-BE54-9A1E7A4F7556}") = "03. 里氏替换原则", "01. 基本原则\03. 里氏替换原则\03. 里氏替换原则.csproj", "{F16FC1F8-52A8-4E62-8BCA-FE1F9472B44C}"
EndProject
Project("{9A19103F-16F7-4668-BE54-9A1E7A4F7556}") = "04. 接口隔离原则", "01. 基本原则\04. 接口隔离原则\04. 接口隔离原则.csproj", "{75504DD3-9B19-449E-8422-90FC7C6D5930}"
EndProject
Project("{9A19103F-16F7-4668-BE54-9A1E7A4F7556}") = "05. 依赖倒置原则", "01. 基本原则\05. 依赖倒置原则\05. 依赖倒置原则.csproj", "{DAEEE670-64C4-4DCE-BF30-AF60C901B18C}"
EndProject
Project("{9A19103F-16F7-4668-BE54-9A1E7A4F7556}") = "06. 迪米特法则", "01. 基本原则\06. 迪米特法则\06. 迪米特法则.csproj", "{FB7C7E2B-B90E-451D-BF36-06E3BEADB07F}"
EndProject
Project("{9A19103F-16F7-4668-BE54-9A1E7A4F7556}") = "07. 合成复用原则", "01. 基本原则\07. 合成复用原则\07. 合成复用原则.csproj", "{26409FD8-855C-4133-A794-51E06F6DA162}"
EndProject
Project("{9A19103F-16F7-4668-BE54-9A1E7A4F7556}") = "01. 单例模式", "02. 创建型模式\01. 单例模式\01. 单例模式.csproj", "{E8C329E8-FF00-4B08-AA88-3F42B0D4E968}"
EndProject
Project("{9A19103F-16F7-4668-BE54-9A1E7A4F7556}") = "02. 简单工厂模式", "02. 创建型模式\02. 简单工厂模式\02. 简单工厂模式.csproj", "{783A791E-5DEF-477A-BACC-1CFCE8F344BE}"
EndProject
Project("{9A19103F-16F7-4668-BE54-9A1E7A4F7556}") = "03. 抽象工厂模式", "02. 创建型模式\03. 抽象工厂模式\03. 抽象工厂模式.csproj", "{B0C9719C-009E-4560-8654-B3264D9AA72F}"
EndProject
Project("{9A19103F-16F7-4668-BE54-9A1E7A4F7556}") = "04. 建造者模式", "02. 创建型模式\04. 建造者模式\04. 建造者模式.csproj", "{D1686D2F-C990-4190-AF03-2272E0329363}"
EndProject
Project("{9A19103F-16F7-4668-BE54-9A1E7A4F7556}") = "05. 原型模式", "02. 创建型模式\05. 原型模式\05. 原型模式.csproj", "{298C3F5D-C5E9-493D-A1E0-472E4BD32E90}"
EndProject
Project("{9A19103F-16F7-4668-BE54-9A1E7A4F7556}") = "01. 适配器模式", "03. 结构型模式\01. 适配器模式\01. 适配器模式.csproj", "{5DA5AD9D-14FB-4D90-875D-D3E4143835DC}"
EndProject
Project("{9A19103F-16F7-4668-BE54-9A1E7A4F7556}") = "02. 桥接模式", "03. 结构型模式\02. 桥接模式\02. 桥接模式.csproj", "{73FE4CCF-50B5-49FE-8A07-A8D8B796F7C3}"
EndProject
Project("{9A19103F-16F7-4668-BE54-9A1E7A4F7556}") = "03. 装饰模式", "03. 结构型模式\03. 装饰模式\03. 装饰模式.csproj", "{51B3A7F7-6FE9-499B-AE76-B4866B290398}"
EndProject
Project("{9A19103F-16F7-4668-BE54-9A1E7A4F7556}") = "04. 组合模式", "03. 结构型模式\04. 组合模式\04. 组合模式.csproj", "{147726CF-C1EA-45B2-92A5-0B94E83951BC}"
EndProject
Project("{9A19103F-16F7-4668-BE54-9A1E7A4F7556}") = "05. 外观模式", "03. 结构型模式\05. 外观模式\05. 外观模式.csproj", "{077D25EA-CDD1-4F09-9F93-311B51DE465F}"
EndProject
Project("{9A19103F-16F7-4668-BE54-9A1E7A4F7556}") = "06. 享元模式", "03. 结构型模式\06. 享元模式\06. 享元模式.csproj", "{DFD640BF-E6BE-4C98-976F-CC2A76A21295}"
EndProject
Project("{9A19103F-16F7-4668-BE54-9A1E7A4F7556}") = "07. 代理模式", "03. 结构型模式\07. 代理模式\07. 代理模式.csproj", "{4F3EB7C5-64A4-4160-829C-DD91EA8227C0}"
EndProject
Project("{9A19103F-16F7-4668-BE54-9A1E7A4F7556}") = "01. 模板方法模式", "04. 行为型模式\01. 模板方法模式\01. 模板方法模式.csproj", "{6C5BE826-6B08-4667-8971-63519AD85777}"
EndProject
Project("{9A19103F-16F7-4668-BE54-9A1E7A4F7556}") = "02. 命令模式", "04. 行为型模式\02. 命令模式\02. 命令模式.csproj", "{A37DDD4D-A4D4-4CB4-B972-2F386BF115C0}"
EndProject
Project("{9A19103F-16F7-4668-BE54-9A1E7A4F7556}") = "03. 迭代器模式", "04. 行为型模式\03. 迭代器模式\03. 迭代器模式.csproj", "{055DEE0F-AF0D-4A7C-9A74-32E40F106F1B}"
EndProject
Project("{9A19103F-16F7-4668-BE54-9A1E7A4F7556}") = "04. 观察者模式", "04. 行为型模式\04. 观察者模式\04. 观察者模式.csproj", "{7D025BFD-A8E1-485F-9B74-1E29109E7BA7}"
EndProject
Project("{9A19103F-16F7-4668-BE54-9A1E7A4F7556}") = "05. 解释器模式", "04. 行为型模式\05. 解释器模式\05. 解释器模式.csproj", "{C9759F70-9531-4744-B1BC-FBF622638B62}"
EndProject
Project("{9A19103F-16F7-4668-BE54-9A1E7A4F7556}") = "06. 中介者模式", "04. 行为型模式\06. 中介者模式\06. 中介者模式.csproj", "{F1CEC100-DD36-4E6C-B3D8-5E1509356BC2}"
EndProject
Project("{9A19103F-16F7-4668-BE54-9A1E7A4F7556}") = "07. 职责链模式", "04. 行为型模式\07. 职责链模式\07. 职责链模式.csproj", "{0A622319-C60E-4FED-9F43-0B559AF16D57}"
EndProject
Project("{9A19103F-16F7-4668-BE54-9A1E7A4F7556}") = "08. 备忘录模式", "04. 行为型模式\08. 备忘录模式\08. 备忘录模式.csproj", "{80D7094E-2C3B-4C05-BC89-BAB7B4DD69B0}"
EndProject
Project("{9A19103F-16F7-4668-BE54-9A1E7A4F7556}") = "09. 策略模式", "04. 行为型模式\09. 策略模式\09. 策略模式.csproj", "{BDF9FB3C-63D3-42A3-8B5B-DC2A4BE9E7D8}"
EndProject
Project("{9A19103F-16F7-4668-BE54-9A1E7A4F7556}") = "10. 访问者模式", "04. 行为型模式\10. 访问者模式\10. 访问者模式.csproj", "{8F5F9520-4AFF-4D94-923B-17B194E20BAF}"
EndProject
Project("{9A19103F-16F7-4668-BE54-9A1E7A4F7556}") = "11. 状态模式", "04. 行为型模式\11. 状态模式\11. 状态模式.csproj", "{116D69D0-E3AF-433A-A6F0-C3D3F2CD02A3}"
EndProject
Global
	GlobalSection(SolutionConfigurationPlatforms) = preSolution
		Debug|Any CPU = Debug|Any CPU
		Release|Any CPU = Release|Any CPU
	EndGlobalSection
	GlobalSection(ProjectConfigurationPlatforms) = postSolution
		{BF76AD0E-8499-4361-A6C4-9E91C9432AF5}.Debug|Any CPU.ActiveCfg = Debug|Any CPU
		{BF76AD0E-8499-4361-A6C4-9E91C9432AF5}.Debug|Any CPU.Build.0 = Debug|Any CPU
		{BF76AD0E-8499-4361-A6C4-9E91C9432AF5}.Release|Any CPU.ActiveCfg = Release|Any CPU
		{BF76AD0E-8499-4361-A6C4-9E91C9432AF5}.Release|Any CPU.Build.0 = Release|Any CPU
		{93C3E800-0467-47B6-A574-0A9B57BEE05A}.Debug|Any CPU.ActiveCfg = Debug|Any CPU
		{93C3E800-0467-47B6-A574-0A9B57BEE05A}.Debug|Any CPU.Build.0 = Debug|Any CPU
		{93C3E800-0467-47B6-A574-0A9B57BEE05A}.Release|Any CPU.ActiveCfg = Release|Any CPU
		{93C3E800-0467-47B6-A574-0A9B57BEE05A}.Release|Any CPU.Build.0 = Release|Any CPU
		{F16FC1F8-52A8-4E62-8BCA-FE1F9472B44C}.Debug|Any CPU.ActiveCfg = Debug|Any CPU
		{F16FC1F8-52A8-4E62-8BCA-FE1F9472B44C}.Debug|Any CPU.Build.0 = Debug|Any CPU
		{F16FC1F8-52A8-4E62-8BCA-FE1F9472B44C}.Release|Any CPU.ActiveCfg = Release|Any CPU
		{F16FC1F8-52A8-4E62-8BCA-FE1F9472B44C}.Release|Any CPU.Build.0 = Release|Any CPU
		{75504DD3-9B19-449E-8422-90FC7C6D5930}.Debug|Any CPU.ActiveCfg = Debug|Any CPU
		{75504DD3-9B19-449E-8422-90FC7C6D5930}.Debug|Any CPU.Build.0 = Debug|Any CPU
		{75504DD3-9B19-449E-8422-90FC7C6D5930}.Release|Any CPU.ActiveCfg = Release|Any CPU
		{75504DD3-9B19-449E-8422-90FC7C6D5930}.Release|Any CPU.Build.0 = Release|Any CPU
		{DAEEE670-64C4-4DCE-BF30-AF60C901B18C}.Debug|Any CPU.ActiveCfg = Debug|Any CPU
		{DAEEE670-64C4-4DCE-BF30-AF60C901B18C}.Debug|Any CPU.Build.0 = Debug|Any CPU
		{DAEEE670-64C4-4DCE-BF30-AF60C901B18C}.Release|Any CPU.ActiveCfg = Release|Any CPU
		{DAEEE670-64C4-4DCE-BF30-AF60C901B18C}.Release|Any CPU.Build.0 = Release|Any CPU
		{FB7C7E2B-B90E-451D-BF36-06E3BEADB07F}.Debug|Any CPU.ActiveCfg = Debug|Any CPU
		{FB7C7E2B-B90E-451D-BF36-06E3BEADB07F}.Debug|Any CPU.Build.0 = Debug|Any CPU
		{FB7C7E2B-B90E-451D-BF36-06E3BEADB07F}.Release|Any CPU.ActiveCfg = Release|Any CPU
		{FB7C7E2B-B90E-451D-BF36-06E3BEADB07F}.Release|Any CPU.Build.0 = Release|Any CPU
		{26409FD8-855C-4133-A794-51E06F6DA162}.Debug|Any CPU.ActiveCfg = Debug|Any CPU
		{26409FD8-855C-4133-A794-51E06F6DA162}.Debug|Any CPU.Build.0 = Debug|Any CPU
		{26409FD8-855C-4133-A794-51E06F6DA162}.Release|Any CPU.ActiveCfg = Release|Any CPU
		{26409FD8-855C-4133-A794-51E06F6DA162}.Release|Any CPU.Build.0 = Release|Any CPU
		{E8C329E8-FF00-4B08-AA88-3F42B0D4E968}.Debug|Any CPU.ActiveCfg = Debug|Any CPU
		{E8C329E8-FF00-4B08-AA88-3F42B0D4E968}.Debug|Any CPU.Build.0 = Debug|Any CPU
		{E8C329E8-FF00-4B08-AA88-3F42B0D4E968}.Release|Any CPU.ActiveCfg = Release|Any CPU
		{E8C329E8-FF00-4B08-AA88-3F42B0D4E968}.Release|Any CPU.Build.0 = Release|Any CPU
		{783A791E-5DEF-477A-BACC-1CFCE8F344BE}.Debug|Any CPU.ActiveCfg = Debug|Any CPU
		{783A791E-5DEF-477A-BACC-1CFCE8F344BE}.Debug|Any CPU.Build.0 = Debug|Any CPU
		{783A791E-5DEF-477A-BACC-1CFCE8F344BE}.Release|Any CPU.ActiveCfg = Release|Any CPU
		{783A791E-5DEF-477A-BACC-1CFCE8F344BE}.Release|Any CPU.Build.0 = Release|Any CPU
		{B0C9719C-009E-4560-8654-B3264D9AA72F}.Debug|Any CPU.ActiveCfg = Debug|Any CPU
		{B0C9719C-009E-4560-8654-B3264D9AA72F}.Debug|Any CPU.Build.0 = Debug|Any CPU
		{B0C9719C-009E-4560-8654-B3264D9AA72F}.Release|Any CPU.ActiveCfg = Release|Any CPU
		{B0C9719C-009E-4560-8654-B3264D9AA72F}.Release|Any CPU.Build.0 = Release|Any CPU
		{D1686D2F-C990-4190-AF03-2272E0329363}.Debug|Any CPU.ActiveCfg = Debug|Any CPU
		{D1686D2F-C990-4190-AF03-2272E0329363}.Debug|Any CPU.Build.0 = Debug|Any CPU
		{D1686D2F-C990-4190-AF03-2272E0329363}.Release|Any CPU.ActiveCfg = Release|Any CPU
		{D1686D2F-C990-4190-AF03-2272E0329363}.Release|Any CPU.Build.0 = Release|Any CPU
		{298C3F5D-C5E9-493D-A1E0-472E4BD32E90}.Debug|Any CPU.ActiveCfg = Debug|Any CPU
		{298C3F5D-C5E9-493D-A1E0-472E4BD32E90}.Debug|Any CPU.Build.0 = Debug|Any CPU
		{298C3F5D-C5E9-493D-A1E0-472E4BD32E90}.Release|Any CPU.ActiveCfg = Release|Any CPU
		{298C3F5D-C5E9-493D-A1E0-472E4BD32E90}.Release|Any CPU.Build.0 = Release|Any CPU
		{5DA5AD9D-14FB-4D90-875D-D3E4143835DC}.Debug|Any CPU.ActiveCfg = Debug|Any CPU
		{5DA5AD9D-14FB-4D90-875D-D3E4143835DC}.Debug|Any CPU.Build.0 = Debug|Any CPU
		{5DA5AD9D-14FB-4D90-875D-D3E4143835DC}.Release|Any CPU.ActiveCfg = Release|Any CPU
		{5DA5AD9D-14FB-4D90-875D-D3E4143835DC}.Release|Any CPU.Build.0 = Release|Any CPU
		{73FE4CCF-50B5-49FE-8A07-A8D8B796F7C3}.Debug|Any CPU.ActiveCfg = Debug|Any CPU
		{73FE4CCF-50B5-49FE-8A07-A8D8B796F7C3}.Debug|Any CPU.Build.0 = Debug|Any CPU
		{73FE4CCF-50B5-49FE-8A07-A8D8B796F7C3}.Release|Any CPU.ActiveCfg = Release|Any CPU
		{73FE4CCF-50B5-49FE-8A07-A8D8B796F7C3}.Release|Any CPU.Build.0 = Release|Any CPU
		{51B3A7F7-6FE9-499B-AE76-B4866B290398}.Debug|Any CPU.ActiveCfg = Debug|Any CPU
		{51B3A7F7-6FE9-499B-AE76-B4866B290398}.Debug|Any CPU.Build.0 = Debug|Any CPU
		{51B3A7F7-6FE9-499B-AE76-B4866B290398}.Release|Any CPU.ActiveCfg = Release|Any CPU
		{51B3A7F7-6FE9-499B-AE76-B4866B290398}.Release|Any CPU.Build.0 = Release|Any CPU
		{147726CF-C1EA-45B2-92A5-0B94E83951BC}.Debug|Any CPU.ActiveCfg = Debug|Any CPU
		{147726CF-C1EA-45B2-92A5-0B94E83951BC}.Debug|Any CPU.Build.0 = Debug|Any CPU
		{147726CF-C1EA-45B2-92A5-0B94E83951BC}.Release|Any CPU.ActiveCfg = Release|Any CPU
		{147726CF-C1EA-45B2-92A5-0B94E83951BC}.Release|Any CPU.Build.0 = Release|Any CPU
		{077D25EA-CDD1-4F09-9F93-311B51DE465F}.Debug|Any CPU.ActiveCfg = Debug|Any CPU
		{077D25EA-CDD1-4F09-9F93-311B51DE465F}.Debug|Any CPU.Build.0 = Debug|Any CPU
		{077D25EA-CDD1-4F09-9F93-311B51DE465F}.Release|Any CPU.ActiveCfg = Release|Any CPU
		{077D25EA-CDD1-4F09-9F93-311B51DE465F}.Release|Any CPU.Build.0 = Release|Any CPU
		{DFD640BF-E6BE-4C98-976F-CC2A76A21295}.Debug|Any CPU.ActiveCfg = Debug|Any CPU
		{DFD640BF-E6BE-4C98-976F-CC2A76A21295}.Debug|Any CPU.Build.0 = Debug|Any CPU
		{DFD640BF-E6BE-4C98-976F-CC2A76A21295}.Release|Any CPU.ActiveCfg = Release|Any CPU
		{DFD640BF-E6BE-4C98-976F-CC2A76A21295}.Release|Any CPU.Build.0 = Release|Any CPU
		{4F3EB7C5-64A4-4160-829C-DD91EA8227C0}.Debug|Any CPU.ActiveCfg = Debug|Any CPU
		{4F3EB7C5-64A4-4160-829C-DD91EA8227C0}.Debug|Any CPU.Build.0 = Debug|Any CPU
		{4F3EB7C5-64A4-4160-829C-DD91EA8227C0}.Release|Any CPU.ActiveCfg = Release|Any CPU
		{4F3EB7C5-64A4-4160-829C-DD91EA8227C0}.Release|Any CPU.Build.0 = Release|Any CPU
		{6C5BE826-6B08-4667-8971-63519AD85777}.Debug|Any CPU.ActiveCfg = Debug|Any CPU
		{6C5BE826-6B08-4667-8971-63519AD85777}.Debug|Any CPU.Build.0 = Debug|Any CPU
		{6C5BE826-6B08-4667-8971-63519AD85777}.Release|Any CPU.ActiveCfg = Release|Any CPU
		{6C5BE826-6B08-4667-8971-63519AD85777}.Release|Any CPU.Build.0 = Release|Any CPU
		{A37DDD4D-A4D4-4CB4-B972-2F386BF115C0}.Debug|Any CPU.ActiveCfg = Debug|Any CPU
		{A37DDD4D-A4D4-4CB4-B972-2F386BF115C0}.Debug|Any CPU.Build.0 = Debug|Any CPU
		{A37DDD4D-A4D4-4CB4-B972-2F386BF115C0}.Release|Any CPU.ActiveCfg = Release|Any CPU
		{A37DDD4D-A4D4-4CB4-B972-2F386BF115C0}.Release|Any CPU.Build.0 = Release|Any CPU
		{055DEE0F-AF0D-4A7C-9A74-32E40F106F1B}.Debug|Any CPU.ActiveCfg = Debug|Any CPU
		{055DEE0F-AF0D-4A7C-9A74-32E40F106F1B}.Debug|Any CPU.Build.0 = Debug|Any CPU
		{055DEE0F-AF0D-4A7C-9A74-32E40F106F1B}.Release|Any CPU.ActiveCfg = Release|Any CPU
		{055DEE0F-AF0D-4A7C-9A74-32E40F106F1B}.Release|Any CPU.Build.0 = Release|Any CPU
		{7D025BFD-A8E1-485F-9B74-1E29109E7BA7}.Debug|Any CPU.ActiveCfg = Debug|Any CPU
		{7D025BFD-A8E1-485F-9B74-1E29109E7BA7}.Debug|Any CPU.Build.0 = Debug|Any CPU
		{7D025BFD-A8E1-485F-9B74-1E29109E7BA7}.Release|Any CPU.ActiveCfg = Release|Any CPU
		{7D025BFD-A8E1-485F-9B74-1E29109E7BA7}.Release|Any CPU.Build.0 = Release|Any CPU
		{C9759F70-9531-4744-B1BC-FBF622638B62}.Debug|Any CPU.ActiveCfg = Debug|Any CPU
		{C9759F70-9531-4744-B1BC-FBF622638B62}.Debug|Any CPU.Build.0 = Debug|Any CPU
		{C9759F70-9531-4744-B1BC-FBF622638B62}.Release|Any CPU.ActiveCfg = Release|Any CPU
		{C9759F70-9531-4744-B1BC-FBF622638B62}.Release|Any CPU.Build.0 = Release|Any CPU
		{F1CEC100-DD36-4E6C-B3D8-5E1509356BC2}.Debug|Any CPU.ActiveCfg = Debug|Any CPU
		{F1CEC100-DD36-4E6C-B3D8-5E1509356BC2}.Debug|Any CPU.Build.0 = Debug|Any CPU
		{F1CEC100-DD36-4E6C-B3D8-5E1509356BC2}.Release|Any CPU.ActiveCfg = Release|Any CPU
		{F1CEC100-DD36-4E6C-B3D8-5E1509356BC2}.Release|Any CPU.Build.0 = Release|Any CPU
		{0A622319-C60E-4FED-9F43-0B559AF16D57}.Debug|Any CPU.ActiveCfg = Debug|Any CPU
		{0A622319-C60E-4FED-9F43-0B559AF16D57}.Debug|Any CPU.Build.0 = Debug|Any CPU
		{0A622319-C60E-4FED-9F43-0B559AF16D57}.Release|Any CPU.ActiveCfg = Release|Any CPU
		{0A622319-C60E-4FED-9F43-0B559AF16D57}.Release|Any CPU.Build.0 = Release|Any CPU
		{80D7094E-2C3B-4C05-BC89-BAB7B4DD69B0}.Debug|Any CPU.ActiveCfg = Debug|Any CPU
		{80D7094E-2C3B-4C05-BC89-BAB7B4DD69B0}.Debug|Any CPU.Build.0 = Debug|Any CPU
		{80D7094E-2C3B-4C05-BC89-BAB7B4DD69B0}.Release|Any CPU.ActiveCfg = Release|Any CPU
		{80D7094E-2C3B-4C05-BC89-BAB7B4DD69B0}.Release|Any CPU.Build.0 = Release|Any CPU
		{BDF9FB3C-63D3-42A3-8B5B-DC2A4BE9E7D8}.Debug|Any CPU.ActiveCfg = Debug|Any CPU
		{BDF9FB3C-63D3-42A3-8B5B-DC2A4BE9E7D8}.Debug|Any CPU.Build.0 = Debug|Any CPU
		{BDF9FB3C-63D3-42A3-8B5B-DC2A4BE9E7D8}.Release|Any CPU.ActiveCfg = Release|Any CPU
		{BDF9FB3C-63D3-42A3-8B5B-DC2A4BE9E7D8}.Release|Any CPU.Build.0 = Release|Any CPU
		{8F5F9520-4AFF-4D94-923B-17B194E20BAF}.Debug|Any CPU.ActiveCfg = Debug|Any CPU
		{8F5F9520-4AFF-4D94-923B-17B194E20BAF}.Debug|Any CPU.Build.0 = Debug|Any CPU
		{8F5F9520-4AFF-4D94-923B-17B194E20BAF}.Release|Any CPU.ActiveCfg = Release|Any CPU
		{8F5F9520-4AFF-4D94-923B-17B194E20BAF}.Release|Any CPU.Build.0 = Release|Any CPU
		{116D69D0-E3AF-433A-A6F0-C3D3F2CD02A3}.Debug|Any CPU.ActiveCfg = Debug|Any CPU
		{116D69D0-E3AF-433A-A6F0-C3D3F2CD02A3}.Debug|Any CPU.Build.0 = Debug|Any CPU
		{116D69D0-E3AF-433A-A6F0-C3D3F2CD02A3}.Release|Any CPU.ActiveCfg = Release|Any CPU
		{116D69D0-E3AF-433A-A6F0-C3D3F2CD02A3}.Release|Any CPU.Build.0 = Release|Any CPU
	EndGlobalSection
	GlobalSection(SolutionProperties) = preSolution
		HideSolutionNode = FALSE
	EndGlobalSection
	GlobalSection(NestedProjects) = preSolution
		{BF76AD0E-8499-4361-A6C4-9E91C9432AF5} = {35121688-9D22-4876-8831-6F8BB8E165C9}
		{93C3E800-0467-47B6-A574-0A9B57BEE05A} = {35121688-9D22-4876-8831-6F8BB8E165C9}
		{F16FC1F8-52A8-4E62-8BCA-FE1F9472B44C} = {35121688-9D22-4876-8831-6F8BB8E165C9}
		{75504DD3-9B19-449E-8422-90FC7C6D5930} = {35121688-9D22-4876-8831-6F8BB8E165C9}
		{DAEEE670-64C4-4DCE-BF30-AF60C901B18C} = {35121688-9D22-4876-8831-6F8BB8E165C9}
		{FB7C7E2B-B90E-451D-BF36-06E3BEADB07F} = {35121688-9D22-4876-8831-6F8BB8E165C9}
		{26409FD8-855C-4133-A794-51E06F6DA162} = {35121688-9D22-4876-8831-6F8BB8E165C9}
		{E8C329E8-FF00-4B08-AA88-3F42B0D4E968} = {056D8F9F-CFFE-4222-9636-1E284EB67508}
		{783A791E-5DEF-477A-BACC-1CFCE8F344BE} = {056D8F9F-CFFE-4222-9636-1E284EB67508}
		{B0C9719C-009E-4560-8654-B3264D9AA72F} = {056D8F9F-CFFE-4222-9636-1E284EB67508}
		{D1686D2F-C990-4190-AF03-2272E0329363} = {056D8F9F-CFFE-4222-9636-1E284EB67508}
		{298C3F5D-C5E9-493D-A1E0-472E4BD32E90} = {056D8F9F-CFFE-4222-9636-1E284EB67508}
		{5DA5AD9D-14FB-4D90-875D-D3E4143835DC} = {66F31508-AC29-42C6-BED7-AE4D3936208F}
		{73FE4CCF-50B5-49FE-8A07-A8D8B796F7C3} = {66F31508-AC29-42C6-BED7-AE4D3936208F}
		{51B3A7F7-6FE9-499B-AE76-B4866B290398} = {66F31508-AC29-42C6-BED7-AE4D3936208F}
		{147726CF-C1EA-45B2-92A5-0B94E83951BC} = {66F31508-AC29-42C6-BED7-AE4D3936208F}
		{077D25EA-CDD1-4F09-9F93-311B51DE465F} = {66F31508-AC29-42C6-BED7-AE4D3936208F}
		{DFD640BF-E6BE-4C98-976F-CC2A76A21295} = {66F31508-AC29-42C6-BED7-AE4D3936208F}
		{4F3EB7C5-64A4-4160-829C-DD91EA8227C0} = {66F31508-AC29-42C6-BED7-AE4D3936208F}
		{6C5BE826-6B08-4667-8971-63519AD85777} = {66CF19D9-B78F-4E9F-89DA-CA48E6C2E7E4}
		{A37DDD4D-A4D4-4CB4-B972-2F386BF115C0} = {66CF19D9-B78F-4E9F-89DA-CA48E6C2E7E4}
		{055DEE0F-AF0D-4A7C-9A74-32E40F106F1B} = {66CF19D9-B78F-4E9F-89DA-CA48E6C2E7E4}
		{7D025BFD-A8E1-485F-9B74-1E29109E7BA7} = {66CF19D9-B78F-4E9F-89DA-CA48E6C2E7E4}
		{C9759F70-9531-4744-B1BC-FBF622638B62} = {66CF19D9-B78F-4E9F-89DA-CA48E6C2E7E4}
		{F1CEC100-DD36-4E6C-B3D8-5E1509356BC2} = {66CF19D9-B78F-4E9F-89DA-CA48E6C2E7E4}
		{0A622319-C60E-4FED-9F43-0B559AF16D57} = {66CF19D9-B78F-4E9F-89DA-CA48E6C2E7E4}
		{80D7094E-2C3B-4C05-BC89-BAB7B4DD69B0} = {66CF19D9-B78F-4E9F-89DA-CA48E6C2E7E4}
		{BDF9FB3C-63D3-42A3-8B5B-DC2A4BE9E7D8} = {66CF19D9-B78F-4E9F-89DA-CA48E6C2E7E4}
		{8F5F9520-4AFF-4D94-923B-17B194E20BAF} = {66CF19D9-B78F-4E9F-89DA-CA48E6C2E7E4}
		{116D69D0-E3AF-433A-A6F0-C3D3F2CD02A3} = {66CF19D9-B78F-4E9F-89DA-CA48E6C2E7E4}
	EndGlobalSection
	GlobalSection(ExtensibilityGlobals) = postSolution
		SolutionGuid = {0C15CA76-F788-4DBC-8324-F361ABBC241E}
	EndGlobalSection
EndGlobal
